
Microsoft Visual Studio Solution File, Format Version 12.00
# Visual Studio Version 17
VisualStudioVersion = 17.1.32421.90
MinimumVisualStudioVersion = 10.0.40219.1
Project("{FAE04EC0-301F-11D3-BF4B-00C04F79EFBC}") = "PedoMeterDesktop", "PedoMeterDesktop\PedoMeterDesktop.csproj", "{D71461FB-4165-4A9F-BD07-3F53C9457BB1}"
EndProject
Global
	GlobalSection(SolutionConfigurationPlatforms) = preSolution
		Debug|Any CPU = Debug|Any CPU
		Release|Any CPU = Release|Any CPU
	EndGlobalSection
	GlobalSection(ProjectConfigurationPlatforms) = postSolution
		{D71461FB-4165-4A9F-BD07-3F53C9457BB1}.Debug|Any CPU.ActiveCfg = Debug|Any CPU
		{D71461FB-4165-4A9F-BD07-3F53C9457BB1}.Debug|Any CPU.Build.0 = Debug|Any CPU
		{D71461FB-4165-4A9F-BD07-3F53C9457BB1}.Release|Any CPU.ActiveCfg = Release|Any CPU
		{D71461FB-4165-4A9F-BD07-3F53C9457BB1}.Release|Any CPU.Build.0 = Release|Any CPU
	EndGlobalSection
	GlobalSection(SolutionProperties) = preSolution
		HideSolutionNode = FALSE
	EndGlobalSection
	GlobalSection(ExtensibilityGlobals) = postSolution
		SolutionGuid = {04074257-C3D1-4D28-BD98-7DBE1FF92B5F}
	EndGlobalSection
EndGlobal
